
Microsoft Visual Studio Solution File, Format Version 12.00
# Visual Studio Version 17
VisualStudioVersion = 17.3.32929.385
MinimumVisualStudioVersion = 10.0.40219.1
Project("{FAE04EC0-301F-11D3-BF4B-00C04F79EFBC}") = "Maxim", "Maxim.csproj", "{B024255C-A0C4-4A6F-AC6F-E9FF763BCB17}"
EndProject
Global
	GlobalSection(SolutionConfigurationPlatforms) = preSolution
		Debug|Any CPU = Debug|Any CPU
		Release|Any CPU = Release|Any CPU
	EndGlobalSection
	GlobalSection(ProjectConfigurationPlatforms) = postSolution
		{B024255C-A0C4-4A6F-AC6F-E9FF763BCB17}.Debug|Any CPU.ActiveCfg = Debug|Any CPU
		{B024255C-A0C4-4A6F-AC6F-E9FF763BCB17}.Debug|Any CPU.Build.0 = Debug|Any CPU
		{B024255C-A0C4-4A6F-AC6F-E9FF763BCB17}.Release|Any CPU.ActiveCfg = Release|Any CPU
		{B024255C-A0C4-4A6F-AC6F-E9FF763BCB17}.Release|Any CPU.Build.0 = Release|Any CPU
	EndGlobalSection
	GlobalSection(SolutionProperties) = preSolution
		HideSolutionNode = FALSE
	EndGlobalSection
	GlobalSection(ExtensibilityGlobals) = postSolution
		SolutionGuid = {D1B64D4D-7251-4F36-913F-DDC5BF6D6AA0}
	EndGlobalSection
EndGlobal
